
Microsoft Visual Studio Solution File, Format Version 12.00
# Visual Studio Version 17
VisualStudioVersion = 17.7.34221.43
MinimumVisualStudioVersion = 10.0.40219.1
Project("{FAE04EC0-301F-11D3-BF4B-00C04F79EFBC}") = "WindowsFormsApp1", "WindowsFormsApp1.csproj", "{C0564B45-BB20-4E57-AD77-8FA4AAB51F85}"
EndProject
Global
	GlobalSection(SolutionConfigurationPlatforms) = preSolution
		Debug|Any CPU = Debug|Any CPU
		Release|Any CPU = Release|Any CPU
	EndGlobalSection
	GlobalSection(ProjectConfigurationPlatforms) = postSolution
		{C0564B45-BB20-4E57-AD77-8FA4AAB51F85}.Debug|Any CPU.ActiveCfg = Debug|Any CPU
		{C0564B45-BB20-4E57-AD77-8FA4AAB51F85}.Debug|Any CPU.Build.0 = Debug|Any CPU
		{C0564B45-BB20-4E57-AD77-8FA4AAB51F85}.Release|Any CPU.ActiveCfg = Release|Any CPU
		{C0564B45-BB20-4E57-AD77-8FA4AAB51F85}.Release|Any CPU.Build.0 = Release|Any CPU
	EndGlobalSection
	GlobalSection(SolutionProperties) = preSolution
		HideSolutionNode = FALSE
	EndGlobalSection
	GlobalSection(ExtensibilityGlobals) = postSolution
		SolutionGuid = {DD628670-DED3-4C3D-BB22-DF7377976205}
	EndGlobalSection
EndGlobal
